
Microsoft Visual Studio Solution File, Format Version 12.00
# Visual Studio Version 16
VisualStudioVersion = 16.0.32106.194
MinimumVisualStudioVersion = 10.0.40219.1
Project("{FAE04EC0-301F-11D3-BF4B-00C04F79EFBC}") = "MethodsObjects", "MethodsObjects\MethodsObjects.csproj", "{5B62C781-3E99-41F3-8360-40C50A7BA6AF}"
EndProject
Global
	GlobalSection(SolutionConfigurationPlatforms) = preSolution
		Debug|Any CPU = Debug|Any CPU
		Release|Any CPU = Release|Any CPU
	EndGlobalSection
	GlobalSection(ProjectConfigurationPlatforms) = postSolution
		{5B62C781-3E99-41F3-8360-40C50A7BA6AF}.Debug|Any CPU.ActiveCfg = Debug|Any CPU
		{5B62C781-3E99-41F3-8360-40C50A7BA6AF}.Debug|Any CPU.Build.0 = Debug|Any CPU
		{5B62C781-3E99-41F3-8360-40C50A7BA6AF}.Release|Any CPU.ActiveCfg = Release|Any CPU
		{5B62C781-3E99-41F3-8360-40C50A7BA6AF}.Release|Any CPU.Build.0 = Release|Any CPU
	EndGlobalSection
	GlobalSection(SolutionProperties) = preSolution
		HideSolutionNode = FALSE
	EndGlobalSection
	GlobalSection(ExtensibilityGlobals) = postSolution
		SolutionGuid = {6BE0AE0E-5A10-4569-83F2-F14CA6CFE47B}
	EndGlobalSection
EndGlobal
