
Microsoft Visual Studio Solution File, Format Version 12.00
# Visual Studio Version 16
VisualStudioVersion = 16.0.32106.194
MinimumVisualStudioVersion = 10.0.40219.1
Project("{FAE04EC0-301F-11D3-BF4B-00C04F79EFBC}") = "IncomeComparison", "IncomeComparison\IncomeComparison.csproj", "{0396D523-7BE0-4121-9E61-9B47263B2640}"
EndProject
Global
	GlobalSection(SolutionConfigurationPlatforms) = preSolution
		Debug|Any CPU = Debug|Any CPU
		Release|Any CPU = Release|Any CPU
	EndGlobalSection
	GlobalSection(ProjectConfigurationPlatforms) = postSolution
		{0396D523-7BE0-4121-9E61-9B47263B2640}.Debug|Any CPU.ActiveCfg = Debug|Any CPU
		{0396D523-7BE0-4121-9E61-9B47263B2640}.Debug|Any CPU.Build.0 = Debug|Any CPU
		{0396D523-7BE0-4121-9E61-9B47263B2640}.Release|Any CPU.ActiveCfg = Release|Any CPU
		{0396D523-7BE0-4121-9E61-9B47263B2640}.Release|Any CPU.Build.0 = Release|Any CPU
	EndGlobalSection
	GlobalSection(SolutionProperties) = preSolution
		HideSolutionNode = FALSE
	EndGlobalSection
	GlobalSection(ExtensibilityGlobals) = postSolution
		SolutionGuid = {790B8312-92C7-4EF9-BB9E-BB20396ECC45}
	EndGlobalSection
EndGlobal
