
Microsoft Visual Studio Solution File, Format Version 12.00
# Visual Studio Version 16
VisualStudioVersion = 16.0.32106.194
MinimumVisualStudioVersion = 10.0.40219.1
Project("{FAE04EC0-301F-11D3-BF4B-00C04F79EFBC}") = "MethodTwo", "MethodTwo\MethodTwo.csproj", "{54083786-C493-4FF1-85AA-087D80DDF837}"
EndProject
Global
	GlobalSection(SolutionConfigurationPlatforms) = preSolution
		Debug|Any CPU = Debug|Any CPU
		Release|Any CPU = Release|Any CPU
	EndGlobalSection
	GlobalSection(ProjectConfigurationPlatforms) = postSolution
		{54083786-C493-4FF1-85AA-087D80DDF837}.Debug|Any CPU.ActiveCfg = Debug|Any CPU
		{54083786-C493-4FF1-85AA-087D80DDF837}.Debug|Any CPU.Build.0 = Debug|Any CPU
		{54083786-C493-4FF1-85AA-087D80DDF837}.Release|Any CPU.ActiveCfg = Release|Any CPU
		{54083786-C493-4FF1-85AA-087D80DDF837}.Release|Any CPU.Build.0 = Release|Any CPU
	EndGlobalSection
	GlobalSection(SolutionProperties) = preSolution
		HideSolutionNode = FALSE
	EndGlobalSection
	GlobalSection(ExtensibilityGlobals) = postSolution
		SolutionGuid = {BE2C001A-4E29-48A5-AD3F-1857EE278115}
	EndGlobalSection
EndGlobal
