
Microsoft Visual Studio Solution File, Format Version 12.00
# Visual Studio Version 16
VisualStudioVersion = 16.0.32106.194
MinimumVisualStudioVersion = 10.0.40219.1
Project("{FAE04EC0-301F-11D3-BF4B-00C04F79EFBC}") = "DateTimeAssign", "DateTime\DateTimeAssign.csproj", "{DBA6E6D9-732F-4F75-B17B-6A2F8E32BE17}"
EndProject
Global
	GlobalSection(SolutionConfigurationPlatforms) = preSolution
		Debug|Any CPU = Debug|Any CPU
		Release|Any CPU = Release|Any CPU
	EndGlobalSection
	GlobalSection(ProjectConfigurationPlatforms) = postSolution
		{DBA6E6D9-732F-4F75-B17B-6A2F8E32BE17}.Debug|Any CPU.ActiveCfg = Debug|Any CPU
		{DBA6E6D9-732F-4F75-B17B-6A2F8E32BE17}.Debug|Any CPU.Build.0 = Debug|Any CPU
		{DBA6E6D9-732F-4F75-B17B-6A2F8E32BE17}.Release|Any CPU.ActiveCfg = Release|Any CPU
		{DBA6E6D9-732F-4F75-B17B-6A2F8E32BE17}.Release|Any CPU.Build.0 = Release|Any CPU
	EndGlobalSection
	GlobalSection(SolutionProperties) = preSolution
		HideSolutionNode = FALSE
	EndGlobalSection
	GlobalSection(ExtensibilityGlobals) = postSolution
		SolutionGuid = {FE2F5543-D4C1-4028-BF3D-BF3E8EDB20D8}
	EndGlobalSection
EndGlobal
