
Microsoft Visual Studio Solution File, Format Version 12.00
# Visual Studio Version 16
VisualStudioVersion = 16.0.32106.194
MinimumVisualStudioVersion = 10.0.40219.1
Project("{FAE04EC0-301F-11D3-BF4B-00C04F79EFBC}") = "TwentyOne", "TwentyOne\TwentyOne.csproj", "{58313678-7EA3-4918-BFEC-DECA864F8098}"
EndProject
Global
	GlobalSection(SolutionConfigurationPlatforms) = preSolution
		Debug|Any CPU = Debug|Any CPU
		Release|Any CPU = Release|Any CPU
	EndGlobalSection
	GlobalSection(ProjectConfigurationPlatforms) = postSolution
		{58313678-7EA3-4918-BFEC-DECA864F8098}.Debug|Any CPU.ActiveCfg = Debug|Any CPU
		{58313678-7EA3-4918-BFEC-DECA864F8098}.Debug|Any CPU.Build.0 = Debug|Any CPU
		{58313678-7EA3-4918-BFEC-DECA864F8098}.Release|Any CPU.ActiveCfg = Release|Any CPU
		{58313678-7EA3-4918-BFEC-DECA864F8098}.Release|Any CPU.Build.0 = Release|Any CPU
	EndGlobalSection
	GlobalSection(SolutionProperties) = preSolution
		HideSolutionNode = FALSE
	EndGlobalSection
	GlobalSection(ExtensibilityGlobals) = postSolution
		SolutionGuid = {6D3DE007-8C40-4ECA-9C1C-4D572998D4CB}
	EndGlobalSection
EndGlobal
