
Microsoft Visual Studio Solution File, Format Version 12.00
# Visual Studio Version 16
VisualStudioVersion = 16.0.32106.194
MinimumVisualStudioVersion = 10.0.40219.1
Project("{FAE04EC0-301F-11D3-BF4B-00C04F79EFBC}") = "myConsoleProject.cs", "myConsoleProject.cs\myConsoleProject.cs.csproj", "{9EC977C5-C2E1-425C-8EA9-DFA34A850CAD}"
EndProject
Global
	GlobalSection(SolutionConfigurationPlatforms) = preSolution
		Debug|Any CPU = Debug|Any CPU
		Release|Any CPU = Release|Any CPU
	EndGlobalSection
	GlobalSection(ProjectConfigurationPlatforms) = postSolution
		{9EC977C5-C2E1-425C-8EA9-DFA34A850CAD}.Debug|Any CPU.ActiveCfg = Debug|Any CPU
		{9EC977C5-C2E1-425C-8EA9-DFA34A850CAD}.Debug|Any CPU.Build.0 = Debug|Any CPU
		{9EC977C5-C2E1-425C-8EA9-DFA34A850CAD}.Release|Any CPU.ActiveCfg = Release|Any CPU
		{9EC977C5-C2E1-425C-8EA9-DFA34A850CAD}.Release|Any CPU.Build.0 = Release|Any CPU
	EndGlobalSection
	GlobalSection(SolutionProperties) = preSolution
		HideSolutionNode = FALSE
	EndGlobalSection
	GlobalSection(ExtensibilityGlobals) = postSolution
		SolutionGuid = {1A4A0370-21D5-44BD-95E2-948CC9CC15BC}
	EndGlobalSection
EndGlobal
