
Microsoft Visual Studio Solution File, Format Version 12.00
# Visual Studio Version 16
VisualStudioVersion = 16.0.32106.194
MinimumVisualStudioVersion = 10.0.40219.1
Project("{FAE04EC0-301F-11D3-BF4B-00C04F79EFBC}") = "FinalChallenge", "FinalChallenge\FinalChallenge.csproj", "{44894202-4675-457B-AA60-854A1D18D87B}"
EndProject
Global
	GlobalSection(SolutionConfigurationPlatforms) = preSolution
		Debug|Any CPU = Debug|Any CPU
		Release|Any CPU = Release|Any CPU
	EndGlobalSection
	GlobalSection(ProjectConfigurationPlatforms) = postSolution
		{44894202-4675-457B-AA60-854A1D18D87B}.Debug|Any CPU.ActiveCfg = Debug|Any CPU
		{44894202-4675-457B-AA60-854A1D18D87B}.Debug|Any CPU.Build.0 = Debug|Any CPU
		{44894202-4675-457B-AA60-854A1D18D87B}.Release|Any CPU.ActiveCfg = Release|Any CPU
		{44894202-4675-457B-AA60-854A1D18D87B}.Release|Any CPU.Build.0 = Release|Any CPU
	EndGlobalSection
	GlobalSection(SolutionProperties) = preSolution
		HideSolutionNode = FALSE
	EndGlobalSection
	GlobalSection(ExtensibilityGlobals) = postSolution
		SolutionGuid = {08431954-F74F-44F9-B3C2-082E56010E9F}
	EndGlobalSection
EndGlobal
